// !$*UTF8*$!
{
	archiveVersion = 1;
	classes = {
	};
	objectVersion = 56;
	objects = {

/* Begin PBXBuildFile section */
		934B746F2BCA018C00466853 /* GoogleService-Info.plist in Resources */ = {isa = PBXBuildFile; fileRef = 934B746E2BCA018C00466853 /* GoogleService-Info.plist */; };
		934B74722BCA019C00466853 /* GoogleGenerativeAI in Frameworks */ = {isa = PBXBuildFile; productRef = 934B74712BCA019C00466853 /* GoogleGenerativeAI */; };
		934B74752BCA01EE00466853 /* FirebaseAuth in Frameworks */ = {isa = PBXBuildFile; productRef = 934B74742BCA01EE00466853 /* FirebaseAuth */; };
		934B74772BCA01EE00466853 /* FirebaseFirestore in Frameworks */ = {isa = PBXBuildFile; productRef = 934B74762BCA01EE00466853 /* FirebaseFirestore */; };
		934B74792BCA01EE00466853 /* FirebaseFirestoreSwift in Frameworks */ = {isa = PBXBuildFile; productRef = 934B74782BCA01EE00466853 /* FirebaseFirestoreSwift */; };
		934B747B2BCA01EE00466853 /* FirebaseStorage in Frameworks */ = {isa = PBXBuildFile; productRef = 934B747A2BCA01EE00466853 /* FirebaseStorage */; };
		934B747E2BCB3BC800466853 /* Chat.swift in Sources */ = {isa = PBXBuildFile; fileRef = 934B747D2BCB3BC800466853 /* Chat.swift */; };
		934B74802BCB435200466853 /* Configs.swift in Sources */ = {isa = PBXBuildFile; fileRef = 934B747F2BCB435200466853 /* Configs.swift */; };
		934B74822BCB708700466853 /* RightBarButtonManager.swift in Sources */ = {isa = PBXBuildFile; fileRef = 934B74812BCB708700466853 /* RightBarButtonManager.swift */; };
		934B74842BCB70B400466853 /* RegisterViewController.swift in Sources */ = {isa = PBXBuildFile; fileRef = 934B74832BCB70B400466853 /* RegisterViewController.swift */; };
		934B74862BCB727300466853 /* RegisterFirebaseManager.swift in Sources */ = {isa = PBXBuildFile; fileRef = 934B74852BCB727300466853 /* RegisterFirebaseManager.swift */; };
		934B74882BCB72C800466853 /* InputVerification.swift in Sources */ = {isa = PBXBuildFile; fileRef = 934B74872BCB72C800466853 /* InputVerification.swift */; };
		934B748A2BCB72E000466853 /* HashingFunction.swift in Sources */ = {isa = PBXBuildFile; fileRef = 934B74892BCB72E000466853 /* HashingFunction.swift */; };
		9396D6DF2BD012BF00292979 /* NewPromptViewController.swift in Sources */ = {isa = PBXBuildFile; fileRef = 9396D6DE2BD012BF00292979 /* NewPromptViewController.swift */; };
		9396D6E12BD01F1800292979 /* ShowPromptViewController.swift in Sources */ = {isa = PBXBuildFile; fileRef = 9396D6E02BD01F1800292979 /* ShowPromptViewController.swift */; };
		9396D6E82BD03B9600292979 /* GenerativeAI-Info.plist in Resources */ = {isa = PBXBuildFile; fileRef = 9396D6E72BD03B9600292979 /* GenerativeAI-Info.plist */; };
		9396D6EA2BD03BB000292979 /* APIKey.swift in Sources */ = {isa = PBXBuildFile; fileRef = 9396D6E92BD03BB000292979 /* APIKey.swift */; };
		9396D6EC2BD0493300292979 /* NewPromptFirebaseManager.swift in Sources */ = {isa = PBXBuildFile; fileRef = 9396D6EB2BD0493300292979 /* NewPromptFirebaseManager.swift */; };
		9396D6EF2BD051CB00292979 /* SDWebImage in Frameworks */ = {isa = PBXBuildFile; productRef = 9396D6EE2BD051CB00292979 /* SDWebImage */; };
		9396D6F12BD051CB00292979 /* SDWebImageMapKit in Frameworks */ = {isa = PBXBuildFile; productRef = 9396D6F02BD051CB00292979 /* SDWebImageMapKit */; };
		9396D6F32BD0675B00292979 /* RegisterViewBufferManager.swift in Sources */ = {isa = PBXBuildFile; fileRef = 9396D6F22BD0675B00292979 /* RegisterViewBufferManager.swift */; };
		9396D6F52BD0684800292979 /* NewPromptBufferManager.swift in Sources */ = {isa = PBXBuildFile; fileRef = 9396D6F42BD0684800292979 /* NewPromptBufferManager.swift */; };
		93AFA1FA2BC0711E00B9C7EF /* AppDelegate.swift in Sources */ = {isa = PBXBuildFile; fileRef = 93AFA1F92BC0711E00B9C7EF /* AppDelegate.swift */; };
		93AFA1FC2BC0711E00B9C7EF /* SceneDelegate.swift in Sources */ = {isa = PBXBuildFile; fileRef = 93AFA1FB2BC0711E00B9C7EF /* SceneDelegate.swift */; };
		93AFA1FE2BC0711E00B9C7EF /* ViewController.swift in Sources */ = {isa = PBXBuildFile; fileRef = 93AFA1FD2BC0711E00B9C7EF /* ViewController.swift */; };
		93AFA2012BC0711E00B9C7EF /* Base in Resources */ = {isa = PBXBuildFile; fileRef = 93AFA2002BC0711E00B9C7EF /* Base */; };
		93AFA2032BC0712000B9C7EF /* Assets.xcassets in Resources */ = {isa = PBXBuildFile; fileRef = 93AFA2022BC0712000B9C7EF /* Assets.xcassets */; };
		93AFA2062BC0712000B9C7EF /* Base in Resources */ = {isa = PBXBuildFile; fileRef = 93AFA2052BC0712000B9C7EF /* Base */; };
		93AFA2192BC0792E00B9C7EF /* BufferSpinnerViewController.swift in Sources */ = {isa = PBXBuildFile; fileRef = 93AFA2182BC0792E00B9C7EF /* BufferSpinnerViewController.swift */; };
		93AFA21B2BC0796500B9C7EF /* BufferSpinnerProtocol.swift in Sources */ = {isa = PBXBuildFile; fileRef = 93AFA21A2BC0796500B9C7EF /* BufferSpinnerProtocol.swift */; };
		93AFA21D2BC07F4000B9C7EF /* MainScreenView.swift in Sources */ = {isa = PBXBuildFile; fileRef = 93AFA21C2BC07F4000B9C7EF /* MainScreenView.swift */; };
		93AFA21F2BC07F6F00B9C7EF /* FavouritesTableViewCell.swift in Sources */ = {isa = PBXBuildFile; fileRef = 93AFA21E2BC07F6F00B9C7EF /* FavouritesTableViewCell.swift */; };
		93AFA2212BC07FC200B9C7EF /* RegisterView.swift in Sources */ = {isa = PBXBuildFile; fileRef = 93AFA2202BC07FC200B9C7EF /* RegisterView.swift */; };
		93AFA2232BC09CB100B9C7EF /* NewPromptView.swift in Sources */ = {isa = PBXBuildFile; fileRef = 93AFA2222BC09CB100B9C7EF /* NewPromptView.swift */; };
		93AFA2252BC0A1BF00B9C7EF /* ShowPromptView.swift in Sources */ = {isa = PBXBuildFile; fileRef = 93AFA2242BC0A1BF00B9C7EF /* ShowPromptView.swift */; };
/* End PBXBuildFile section */

/* Begin PBXFileReference section */
		934B746E2BCA018C00466853 /* GoogleService-Info.plist */ = {isa = PBXFileReference; fileEncoding = 4; lastKnownFileType = text.plist.xml; path = "GoogleService-Info.plist"; sourceTree = "<group>"; };
		934B747D2BCB3BC800466853 /* Chat.swift */ = {isa = PBXFileReference; lastKnownFileType = sourcecode.swift; path = Chat.swift; sourceTree = "<group>"; };
		934B747F2BCB435200466853 /* Configs.swift */ = {isa = PBXFileReference; lastKnownFileType = sourcecode.swift; path = Configs.swift; sourceTree = "<group>"; };
		934B74812BCB708700466853 /* RightBarButtonManager.swift */ = {isa = PBXFileReference; lastKnownFileType = sourcecode.swift; path = RightBarButtonManager.swift; sourceTree = "<group>"; };
		934B74832BCB70B400466853 /* RegisterViewController.swift */ = {isa = PBXFileReference; lastKnownFileType = sourcecode.swift; path = RegisterViewController.swift; sourceTree = "<group>"; };
		934B74852BCB727300466853 /* RegisterFirebaseManager.swift */ = {isa = PBXFileReference; lastKnownFileType = sourcecode.swift; path = RegisterFirebaseManager.swift; sourceTree = "<group>"; };
		934B74872BCB72C800466853 /* InputVerification.swift */ = {isa = PBXFileReference; lastKnownFileType = sourcecode.swift; path = InputVerification.swift; sourceTree = "<group>"; };
		934B74892BCB72E000466853 /* HashingFunction.swift */ = {isa = PBXFileReference; lastKnownFileType = sourcecode.swift; path = HashingFunction.swift; sourceTree = "<group>"; };
		9396D6DE2BD012BF00292979 /* NewPromptViewController.swift */ = {isa = PBXFileReference; lastKnownFileType = sourcecode.swift; path = NewPromptViewController.swift; sourceTree = "<group>"; };
		9396D6E02BD01F1800292979 /* ShowPromptViewController.swift */ = {isa = PBXFileReference; lastKnownFileType = sourcecode.swift; path = ShowPromptViewController.swift; sourceTree = "<group>"; };
		9396D6E72BD03B9600292979 /* GenerativeAI-Info.plist */ = {isa = PBXFileReference; lastKnownFileType = text.plist.xml; path = "GenerativeAI-Info.plist"; sourceTree = "<group>"; };
		9396D6E92BD03BB000292979 /* APIKey.swift */ = {isa = PBXFileReference; lastKnownFileType = sourcecode.swift; path = APIKey.swift; sourceTree = "<group>"; };
		9396D6EB2BD0493300292979 /* NewPromptFirebaseManager.swift */ = {isa = PBXFileReference; lastKnownFileType = sourcecode.swift; path = NewPromptFirebaseManager.swift; sourceTree = "<group>"; };
		9396D6F22BD0675B00292979 /* RegisterViewBufferManager.swift */ = {isa = PBXFileReference; lastKnownFileType = sourcecode.swift; path = RegisterViewBufferManager.swift; sourceTree = "<group>"; };
		9396D6F42BD0684800292979 /* NewPromptBufferManager.swift */ = {isa = PBXFileReference; lastKnownFileType = sourcecode.swift; path = NewPromptBufferManager.swift; sourceTree = "<group>"; };
		93AFA1F62BC0711E00B9C7EF /* ArtEcho.app */ = {isa = PBXFileReference; explicitFileType = wrapper.application; includeInIndex = 0; path = ArtEcho.app; sourceTree = BUILT_PRODUCTS_DIR; };
		93AFA1F92BC0711E00B9C7EF /* AppDelegate.swift */ = {isa = PBXFileReference; lastKnownFileType = sourcecode.swift; path = AppDelegate.swift; sourceTree = "<group>"; };
		93AFA1FB2BC0711E00B9C7EF /* SceneDelegate.swift */ = {isa = PBXFileReference; lastKnownFileType = sourcecode.swift; path = SceneDelegate.swift; sourceTree = "<group>"; };
		93AFA1FD2BC0711E00B9C7EF /* ViewController.swift */ = {isa = PBXFileReference; lastKnownFileType = sourcecode.swift; path = ViewController.swift; sourceTree = "<group>"; };
		93AFA2002BC0711E00B9C7EF /* Base */ = {isa = PBXFileReference; lastKnownFileType = file.storyboard; name = Base; path = Base.lproj/Main.storyboard; sourceTree = "<group>"; };
		93AFA2022BC0712000B9C7EF /* Assets.xcassets */ = {isa = PBXFileReference; lastKnownFileType = folder.assetcatalog; path = Assets.xcassets; sourceTree = "<group>"; };
		93AFA2052BC0712000B9C7EF /* Base */ = {isa = PBXFileReference; lastKnownFileType = file.storyboard; name = Base; path = Base.lproj/LaunchScreen.storyboard; sourceTree = "<group>"; };
		93AFA2072BC0712000B9C7EF /* Info.plist */ = {isa = PBXFileReference; lastKnownFileType = text.plist.xml; path = Info.plist; sourceTree = "<group>"; };
		93AFA2182BC0792E00B9C7EF /* BufferSpinnerViewController.swift */ = {isa = PBXFileReference; lastKnownFileType = sourcecode.swift; path = BufferSpinnerViewController.swift; sourceTree = "<group>"; };
		93AFA21A2BC0796500B9C7EF /* BufferSpinnerProtocol.swift */ = {isa = PBXFileReference; lastKnownFileType = sourcecode.swift; path = BufferSpinnerProtocol.swift; sourceTree = "<group>"; };
		93AFA21C2BC07F4000B9C7EF /* MainScreenView.swift */ = {isa = PBXFileReference; lastKnownFileType = sourcecode.swift; path = MainScreenView.swift; sourceTree = "<group>"; };
		93AFA21E2BC07F6F00B9C7EF /* FavouritesTableViewCell.swift */ = {isa = PBXFileReference; lastKnownFileType = sourcecode.swift; path = FavouritesTableViewCell.swift; sourceTree = "<group>"; };
		93AFA2202BC07FC200B9C7EF /* RegisterView.swift */ = {isa = PBXFileReference; lastKnownFileType = sourcecode.swift; path = RegisterView.swift; sourceTree = "<group>"; };
		93AFA2222BC09CB100B9C7EF /* NewPromptView.swift */ = {isa = PBXFileReference; lastKnownFileType = sourcecode.swift; path = NewPromptView.swift; sourceTree = "<group>"; };
		93AFA2242BC0A1BF00B9C7EF /* ShowPromptView.swift */ = {isa = PBXFileReference; lastKnownFileType = sourcecode.swift; path = ShowPromptView.swift; sourceTree = "<group>"; };
/* End PBXFileReference section */

/* Begin PBXFrameworksBuildPhase section */
		93AFA1F32BC0711E00B9C7EF /* Frameworks */ = {
			isa = PBXFrameworksBuildPhase;
			buildActionMask = 2147483647;
			files = (
				9396D6EF2BD051CB00292979 /* SDWebImage in Frameworks */,
				934B74722BCA019C00466853 /* GoogleGenerativeAI in Frameworks */,
				934B74752BCA01EE00466853 /* FirebaseAuth in Frameworks */,
				934B74772BCA01EE00466853 /* FirebaseFirestore in Frameworks */,
				934B747B2BCA01EE00466853 /* FirebaseStorage in Frameworks */,
				9396D6F12BD051CB00292979 /* SDWebImageMapKit in Frameworks */,
				934B74792BCA01EE00466853 /* FirebaseFirestoreSwift in Frameworks */,
			);
			runOnlyForDeploymentPostprocessing = 0;
		};
/* End PBXFrameworksBuildPhase section */

/* Begin PBXGroup section */
		934B747C2BCB011100466853 /* Model */ = {
			isa = PBXGroup;
			children = (
				934B747D2BCB3BC800466853 /* Chat.swift */,
			);
			path = Model;
			sourceTree = "<group>";
		};
		934B748B2BCB739F00466853 /* Utilities */ = {
			isa = PBXGroup;
			children = (
				934B747F2BCB435200466853 /* Configs.swift */,
				934B74872BCB72C800466853 /* InputVerification.swift */,
				934B74892BCB72E000466853 /* HashingFunction.swift */,
			);
			path = Utilities;
			sourceTree = "<group>";
		};
		93AFA1ED2BC0711E00B9C7EF = {
			isa = PBXGroup;
			children = (
				93AFA1F82BC0711E00B9C7EF /* ArtEcho */,
				93AFA1F72BC0711E00B9C7EF /* Products */,
			);
			sourceTree = "<group>";
		};
		93AFA1F72BC0711E00B9C7EF /* Products */ = {
			isa = PBXGroup;
			children = (
				93AFA1F62BC0711E00B9C7EF /* ArtEcho.app */,
			);
			name = Products;
			sourceTree = "<group>";
		};
		93AFA1F82BC0711E00B9C7EF /* ArtEcho */ = {
			isa = PBXGroup;
			children = (
				934B748B2BCB739F00466853 /* Utilities */,
				934B747C2BCB011100466853 /* Model */,
				93AFA2112BC0781700B9C7EF /* Register Screen View */,
				93AFA2102BC077F800B9C7EF /* Buffer Animation */,
				93AFA20F2BC077C600B9C7EF /* Show Prompt Screen */,
				93AFA20E2BC0779500B9C7EF /* New Prompt Screen */,
				93AFA20D2BC0777C00B9C7EF /* Main Screen View */,
				93AFA1F92BC0711E00B9C7EF /* AppDelegate.swift */,
				93AFA1FB2BC0711E00B9C7EF /* SceneDelegate.swift */,
				93AFA1FF2BC0711E00B9C7EF /* Main.storyboard */,
				93AFA2022BC0712000B9C7EF /* Assets.xcassets */,
				934B746E2BCA018C00466853 /* GoogleService-Info.plist */,
				93AFA2042BC0712000B9C7EF /* LaunchScreen.storyboard */,
				93AFA2072BC0712000B9C7EF /* Info.plist */,
				9396D6E72BD03B9600292979 /* GenerativeAI-Info.plist */,
				9396D6E92BD03BB000292979 /* APIKey.swift */,
			);
			path = ArtEcho;
			sourceTree = "<group>";
		};
		93AFA20D2BC0777C00B9C7EF /* Main Screen View */ = {
			isa = PBXGroup;
			children = (
				93AFA1FD2BC0711E00B9C7EF /* ViewController.swift */,
				934B74812BCB708700466853 /* RightBarButtonManager.swift */,
				93AFA2122BC0782800B9C7EF /* View */,
			);
			path = "Main Screen View";
			sourceTree = "<group>";
		};
		93AFA20E2BC0779500B9C7EF /* New Prompt Screen */ = {
			isa = PBXGroup;
			children = (
				93AFA2132BC0783200B9C7EF /* View */,
				9396D6DE2BD012BF00292979 /* NewPromptViewController.swift */,
				9396D6EB2BD0493300292979 /* NewPromptFirebaseManager.swift */,
				9396D6F42BD0684800292979 /* NewPromptBufferManager.swift */,
			);
			path = "New Prompt Screen";
			sourceTree = "<group>";
		};
		93AFA20F2BC077C600B9C7EF /* Show Prompt Screen */ = {
			isa = PBXGroup;
			children = (
				93AFA2142BC0783900B9C7EF /* View */,
				9396D6E02BD01F1800292979 /* ShowPromptViewController.swift */,
			);
			path = "Show Prompt Screen";
			sourceTree = "<group>";
		};
		93AFA2102BC077F800B9C7EF /* Buffer Animation */ = {
			isa = PBXGroup;
			children = (
				93AFA2152BC0783F00B9C7EF /* View */,
				93AFA21A2BC0796500B9C7EF /* BufferSpinnerProtocol.swift */,
			);
			path = "Buffer Animation";
			sourceTree = "<group>";
		};
		93AFA2112BC0781700B9C7EF /* Register Screen View */ = {
			isa = PBXGroup;
			children = (
				93AFA2172BC0785400B9C7EF /* View */,
				934B74832BCB70B400466853 /* RegisterViewController.swift */,
				934B74852BCB727300466853 /* RegisterFirebaseManager.swift */,
				9396D6F22BD0675B00292979 /* RegisterViewBufferManager.swift */,
			);
			path = "Register Screen View";
			sourceTree = "<group>";
		};
		93AFA2122BC0782800B9C7EF /* View */ = {
			isa = PBXGroup;
			children = (
				93AFA21C2BC07F4000B9C7EF /* MainScreenView.swift */,
				93AFA21E2BC07F6F00B9C7EF /* FavouritesTableViewCell.swift */,
			);
			path = View;
			sourceTree = "<group>";
		};
		93AFA2132BC0783200B9C7EF /* View */ = {
			isa = PBXGroup;
			children = (
				93AFA2222BC09CB100B9C7EF /* NewPromptView.swift */,
			);
			path = View;
			sourceTree = "<group>";
		};
		93AFA2142BC0783900B9C7EF /* View */ = {
			isa = PBXGroup;
			children = (
				93AFA2242BC0A1BF00B9C7EF /* ShowPromptView.swift */,
			);
			path = View;
			sourceTree = "<group>";
		};
		93AFA2152BC0783F00B9C7EF /* View */ = {
			isa = PBXGroup;
			children = (
				93AFA2182BC0792E00B9C7EF /* BufferSpinnerViewController.swift */,
			);
			path = View;
			sourceTree = "<group>";
		};
		93AFA2172BC0785400B9C7EF /* View */ = {
			isa = PBXGroup;
			children = (
				93AFA2202BC07FC200B9C7EF /* RegisterView.swift */,
			);
			path = View;
			sourceTree = "<group>";
		};
/* End PBXGroup section */

/* Begin PBXNativeTarget section */
		93AFA1F52BC0711E00B9C7EF /* ArtEcho */ = {
			isa = PBXNativeTarget;
			buildConfigurationList = 93AFA20A2BC0712000B9C7EF /* Build configuration list for PBXNativeTarget "ArtEcho" */;
			buildPhases = (
				93AFA1F22BC0711E00B9C7EF /* Sources */,
				93AFA1F32BC0711E00B9C7EF /* Frameworks */,
				93AFA1F42BC0711E00B9C7EF /* Resources */,
			);
			buildRules = (
			);
			dependencies = (
			);
			name = ArtEcho;
			packageProductDependencies = (
				934B74712BCA019C00466853 /* GoogleGenerativeAI */,
				934B74742BCA01EE00466853 /* FirebaseAuth */,
				934B74762BCA01EE00466853 /* FirebaseFirestore */,
				934B74782BCA01EE00466853 /* FirebaseFirestoreSwift */,
				934B747A2BCA01EE00466853 /* FirebaseStorage */,
				9396D6EE2BD051CB00292979 /* SDWebImage */,
				9396D6F02BD051CB00292979 /* SDWebImageMapKit */,
			);
			productName = ArtEcho;
			productReference = 93AFA1F62BC0711E00B9C7EF /* ArtEcho.app */;
			productType = "com.apple.product-type.application";
		};
/* End PBXNativeTarget section */

/* Begin PBXProject section */
		93AFA1EE2BC0711E00B9C7EF /* Project object */ = {
			isa = PBXProject;
			attributes = {
				BuildIndependentTargetsInParallel = 1;
				LastSwiftUpdateCheck = 1530;
				LastUpgradeCheck = 1530;
				TargetAttributes = {
					93AFA1F52BC0711E00B9C7EF = {
						CreatedOnToolsVersion = 15.3;
					};
				};
			};
			buildConfigurationList = 93AFA1F12BC0711E00B9C7EF /* Build configuration list for PBXProject "ArtEcho" */;
			compatibilityVersion = "Xcode 14.0";
			developmentRegion = en;
			hasScannedForEncodings = 0;
			knownRegions = (
				en,
				Base,
			);
			mainGroup = 93AFA1ED2BC0711E00B9C7EF;
			packageReferences = (
				934B74702BCA019C00466853 /* XCRemoteSwiftPackageReference "generative-ai-swift" */,
				934B74732BCA01EE00466853 /* XCRemoteSwiftPackageReference "firebase-ios-sdk" */,
				9396D6ED2BD051CB00292979 /* XCRemoteSwiftPackageReference "SDWebImage" */,
			);
			productRefGroup = 93AFA1F72BC0711E00B9C7EF /* Products */;
			projectDirPath = "";
			projectRoot = "";
			targets = (
				93AFA1F52BC0711E00B9C7EF /* ArtEcho */,
			);
		};
/* End PBXProject section */

/* Begin PBXResourcesBuildPhase section */
		93AFA1F42BC0711E00B9C7EF /* Resources */ = {
			isa = PBXResourcesBuildPhase;
			buildActionMask = 2147483647;
			files = (
				93AFA2032BC0712000B9C7EF /* Assets.xcassets in Resources */,
				9396D6E82BD03B9600292979 /* GenerativeAI-Info.plist in Resources */,
				934B746F2BCA018C00466853 /* GoogleService-Info.plist in Resources */,
				93AFA2062BC0712000B9C7EF /* Base in Resources */,
				93AFA2012BC0711E00B9C7EF /* Base in Resources */,
			);
			runOnlyForDeploymentPostprocessing = 0;
		};
/* End PBXResourcesBuildPhase section */

/* Begin PBXSourcesBuildPhase section */
		93AFA1F22BC0711E00B9C7EF /* Sources */ = {
			isa = PBXSourcesBuildPhase;
			buildActionMask = 2147483647;
			files = (
				93AFA21F2BC07F6F00B9C7EF /* FavouritesTableViewCell.swift in Sources */,
				93AFA1FE2BC0711E00B9C7EF /* ViewController.swift in Sources */,
				93AFA21D2BC07F4000B9C7EF /* MainScreenView.swift in Sources */,
				9396D6EC2BD0493300292979 /* NewPromptFirebaseManager.swift in Sources */,
				934B748A2BCB72E000466853 /* HashingFunction.swift in Sources */,
				9396D6F32BD0675B00292979 /* RegisterViewBufferManager.swift in Sources */,
				93AFA1FA2BC0711E00B9C7EF /* AppDelegate.swift in Sources */,
				9396D6EA2BD03BB000292979 /* APIKey.swift in Sources */,
				9396D6DF2BD012BF00292979 /* NewPromptViewController.swift in Sources */,
				9396D6F52BD0684800292979 /* NewPromptBufferManager.swift in Sources */,
				934B74862BCB727300466853 /* RegisterFirebaseManager.swift in Sources */,
				934B74882BCB72C800466853 /* InputVerification.swift in Sources */,
				93AFA2192BC0792E00B9C7EF /* BufferSpinnerViewController.swift in Sources */,
				934B74802BCB435200466853 /* Configs.swift in Sources */,
				9396D6E12BD01F1800292979 /* ShowPromptViewController.swift in Sources */,
				934B747E2BCB3BC800466853 /* Chat.swift in Sources */,
				93AFA2212BC07FC200B9C7EF /* RegisterView.swift in Sources */,
				93AFA2232BC09CB100B9C7EF /* NewPromptView.swift in Sources */,
				934B74842BCB70B400466853 /* RegisterViewController.swift in Sources */,
				934B74822BCB708700466853 /* RightBarButtonManager.swift in Sources */,
				93AFA2252BC0A1BF00B9C7EF /* ShowPromptView.swift in Sources */,
				93AFA1FC2BC0711E00B9C7EF /* SceneDelegate.swift in Sources */,
				93AFA21B2BC0796500B9C7EF /* BufferSpinnerProtocol.swift in Sources */,
			);
			runOnlyForDeploymentPostprocessing = 0;
		};
/* End PBXSourcesBuildPhase section */

/* Begin PBXVariantGroup section */
		93AFA1FF2BC0711E00B9C7EF /* Main.storyboard */ = {
			isa = PBXVariantGroup;
			children = (
				93AFA2002BC0711E00B9C7EF /* Base */,
			);
			name = Main.storyboard;
			sourceTree = "<group>";
		};
		93AFA2042BC0712000B9C7EF /* LaunchScreen.storyboard */ = {
			isa = PBXVariantGroup;
			children = (
				93AFA2052BC0712000B9C7EF /* Base */,
			);
			name = LaunchScreen.storyboard;
			sourceTree = "<group>";
		};
/* End PBXVariantGroup section */

/* Begin XCBuildConfiguration section */
		93AFA2082BC0712000B9C7EF /* Debug */ = {
			isa = XCBuildConfiguration;
			buildSettings = {
				ALWAYS_SEARCH_USER_PATHS = NO;
				ASSETCATALOG_COMPILER_GENERATE_SWIFT_ASSET_SYMBOL_EXTENSIONS = YES;
				CLANG_ANALYZER_NONNULL = YES;
				CLANG_ANALYZER_NUMBER_OBJECT_CONVERSION = YES_AGGRESSIVE;
				CLANG_CXX_LANGUAGE_STANDARD = "gnu++20";
				CLANG_ENABLE_MODULES = YES;
				CLANG_ENABLE_OBJC_ARC = YES;
				CLANG_ENABLE_OBJC_WEAK = YES;
				CLANG_WARN_BLOCK_CAPTURE_AUTORELEASING = YES;
				CLANG_WARN_BOOL_CONVERSION = YES;
				CLANG_WARN_COMMA = YES;
				CLANG_WARN_CONSTANT_CONVERSION = YES;
				CLANG_WARN_DEPRECATED_OBJC_IMPLEMENTATIONS = YES;
				CLANG_WARN_DIRECT_OBJC_ISA_USAGE = YES_ERROR;
				CLANG_WARN_DOCUMENTATION_COMMENTS = YES;
				CLANG_WARN_EMPTY_BODY = YES;
				CLANG_WARN_ENUM_CONVERSION = YES;
				CLANG_WARN_INFINITE_RECURSION = YES;
				CLANG_WARN_INT_CONVERSION = YES;
				CLANG_WARN_NON_LITERAL_NULL_CONVERSION = YES;
				CLANG_WARN_OBJC_IMPLICIT_RETAIN_SELF = YES;
				CLANG_WARN_OBJC_LITERAL_CONVERSION = YES;
				CLANG_WARN_OBJC_ROOT_CLASS = YES_ERROR;
				CLANG_WARN_QUOTED_INCLUDE_IN_FRAMEWORK_HEADER = YES;
				CLANG_WARN_RANGE_LOOP_ANALYSIS = YES;
				CLANG_WARN_STRICT_PROTOTYPES = YES;
				CLANG_WARN_SUSPICIOUS_MOVE = YES;
				CLANG_WARN_UNGUARDED_AVAILABILITY = YES_AGGRESSIVE;
				CLANG_WARN_UNREACHABLE_CODE = YES;
				CLANG_WARN__DUPLICATE_METHOD_MATCH = YES;
				COPY_PHASE_STRIP = NO;
				DEBUG_INFORMATION_FORMAT = dwarf;
				ENABLE_STRICT_OBJC_MSGSEND = YES;
				ENABLE_TESTABILITY = YES;
				ENABLE_USER_SCRIPT_SANDBOXING = YES;
				GCC_C_LANGUAGE_STANDARD = gnu17;
				GCC_DYNAMIC_NO_PIC = NO;
				GCC_NO_COMMON_BLOCKS = YES;
				GCC_OPTIMIZATION_LEVEL = 0;
				GCC_PREPROCESSOR_DEFINITIONS = (
					"DEBUG=1",
					"$(inherited)",
				);
				GCC_WARN_64_TO_32_BIT_CONVERSION = YES;
				GCC_WARN_ABOUT_RETURN_TYPE = YES_ERROR;
				GCC_WARN_UNDECLARED_SELECTOR = YES;
				GCC_WARN_UNINITIALIZED_AUTOS = YES_AGGRESSIVE;
				GCC_WARN_UNUSED_FUNCTION = YES;
				GCC_WARN_UNUSED_VARIABLE = YES;
				IPHONEOS_DEPLOYMENT_TARGET = 17.4;
				LOCALIZATION_PREFERS_STRING_CATALOGS = YES;
				MTL_ENABLE_DEBUG_INFO = INCLUDE_SOURCE;
				MTL_FAST_MATH = YES;
				ONLY_ACTIVE_ARCH = YES;
				SDKROOT = iphoneos;
				SWIFT_ACTIVE_COMPILATION_CONDITIONS = "DEBUG $(inherited)";
				SWIFT_OPTIMIZATION_LEVEL = "-Onone";
			};
			name = Debug;
		};
		93AFA2092BC0712000B9C7EF /* Release */ = {
			isa = XCBuildConfiguration;
			buildSettings = {
				ALWAYS_SEARCH_USER_PATHS = NO;
				ASSETCATALOG_COMPILER_GENERATE_SWIFT_ASSET_SYMBOL_EXTENSIONS = YES;
				CLANG_ANALYZER_NONNULL = YES;
				CLANG_ANALYZER_NUMBER_OBJECT_CONVERSION = YES_AGGRESSIVE;
				CLANG_CXX_LANGUAGE_STANDARD = "gnu++20";
				CLANG_ENABLE_MODULES = YES;
				CLANG_ENABLE_OBJC_ARC = YES;
				CLANG_ENABLE_OBJC_WEAK = YES;
				CLANG_WARN_BLOCK_CAPTURE_AUTORELEASING = YES;
				CLANG_WARN_BOOL_CONVERSION = YES;
				CLANG_WARN_COMMA = YES;
				CLANG_WARN_CONSTANT_CONVERSION = YES;
				CLANG_WARN_DEPRECATED_OBJC_IMPLEMENTATIONS = YES;
				CLANG_WARN_DIRECT_OBJC_ISA_USAGE = YES_ERROR;
				CLANG_WARN_DOCUMENTATION_COMMENTS = YES;
				CLANG_WARN_EMPTY_BODY = YES;
				CLANG_WARN_ENUM_CONVERSION = YES;
				CLANG_WARN_INFINITE_RECURSION = YES;
				CLANG_WARN_INT_CONVERSION = YES;
				CLANG_WARN_NON_LITERAL_NULL_CONVERSION = YES;
				CLANG_WARN_OBJC_IMPLICIT_RETAIN_SELF = YES;
				CLANG_WARN_OBJC_LITERAL_CONVERSION = YES;
				CLANG_WARN_OBJC_ROOT_CLASS = YES_ERROR;
				CLANG_WARN_QUOTED_INCLUDE_IN_FRAMEWORK_HEADER = YES;
				CLANG_WARN_RANGE_LOOP_ANALYSIS = YES;
				CLANG_WARN_STRICT_PROTOTYPES = YES;
				CLANG_WARN_SUSPICIOUS_MOVE = YES;
				CLANG_WARN_UNGUARDED_AVAILABILITY = YES_AGGRESSIVE;
				CLANG_WARN_UNREACHABLE_CODE = YES;
				CLANG_WARN__DUPLICATE_METHOD_MATCH = YES;
				COPY_PHASE_STRIP = NO;
				DEBUG_INFORMATION_FORMAT = "dwarf-with-dsym";
				ENABLE_NS_ASSERTIONS = NO;
				ENABLE_STRICT_OBJC_MSGSEND = YES;
				ENABLE_USER_SCRIPT_SANDBOXING = YES;
				GCC_C_LANGUAGE_STANDARD = gnu17;
				GCC_NO_COMMON_BLOCKS = YES;
				GCC_WARN_64_TO_32_BIT_CONVERSION = YES;
				GCC_WARN_ABOUT_RETURN_TYPE = YES_ERROR;
				GCC_WARN_UNDECLARED_SELECTOR = YES;
				GCC_WARN_UNINITIALIZED_AUTOS = YES_AGGRESSIVE;
				GCC_WARN_UNUSED_FUNCTION = YES;
				GCC_WARN_UNUSED_VARIABLE = YES;
				IPHONEOS_DEPLOYMENT_TARGET = 17.4;
				LOCALIZATION_PREFERS_STRING_CATALOGS = YES;
				MTL_ENABLE_DEBUG_INFO = NO;
				MTL_FAST_MATH = YES;
				SDKROOT = iphoneos;
				SWIFT_COMPILATION_MODE = wholemodule;
				VALIDATE_PRODUCT = YES;
			};
			name = Release;
		};
		93AFA20B2BC0712000B9C7EF /* Debug */ = {
			isa = XCBuildConfiguration;
			buildSettings = {
				ASSETCATALOG_COMPILER_APPICON_NAME = AppIcon;
				ASSETCATALOG_COMPILER_GLOBAL_ACCENT_COLOR_NAME = AccentColor;
				CODE_SIGN_STYLE = Automatic;
				CURRENT_PROJECT_VERSION = 1;
				DEVELOPMENT_TEAM = 25QN4T657Y;
				GENERATE_INFOPLIST_FILE = YES;
				INFOPLIST_FILE = ArtEcho/Info.plist;
				INFOPLIST_KEY_UIApplicationSupportsIndirectInputEvents = YES;
				INFOPLIST_KEY_UILaunchStoryboardName = LaunchScreen;
				INFOPLIST_KEY_UIMainStoryboardFile = Main;
				INFOPLIST_KEY_UISupportedInterfaceOrientations_iPad = "UIInterfaceOrientationPortrait UIInterfaceOrientationPortraitUpsideDown UIInterfaceOrientationLandscapeLeft UIInterfaceOrientationLandscapeRight";
				INFOPLIST_KEY_UISupportedInterfaceOrientations_iPhone = "UIInterfaceOrientationPortrait UIInterfaceOrientationLandscapeLeft UIInterfaceOrientationLandscapeRight";
				LD_RUNPATH_SEARCH_PATHS = (
					"$(inherited)",
					"@executable_path/Frameworks",
				);
				MARKETING_VERSION = 1.0;
				PRODUCT_BUNDLE_IDENTIFIER = "Pratik-Patil.ArtEcho";
				PRODUCT_NAME = "$(TARGET_NAME)";
				SWIFT_EMIT_LOC_STRINGS = YES;
				SWIFT_VERSION = 5.0;
				TARGETED_DEVICE_FAMILY = "1,2";
			};
			name = Debug;
		};
		93AFA20C2BC0712000B9C7EF /* Release */ = {
			isa = XCBuildConfiguration;
			buildSettings = {
				ASSETCATALOG_COMPILER_APPICON_NAME = AppIcon;
				ASSETCATALOG_COMPILER_GLOBAL_ACCENT_COLOR_NAME = AccentColor;
				CODE_SIGN_STYLE = Automatic;
				CURRENT_PROJECT_VERSION = 1;
				DEVELOPMENT_TEAM = 25QN4T657Y;
				GENERATE_INFOPLIST_FILE = YES;
				INFOPLIST_FILE = ArtEcho/Info.plist;
				INFOPLIST_KEY_UIApplicationSupportsIndirectInputEvents = YES;
				INFOPLIST_KEY_UILaunchStoryboardName = LaunchScreen;
				INFOPLIST_KEY_UIMainStoryboardFile = Main;
				INFOPLIST_KEY_UISupportedInterfaceOrientations_iPad = "UIInterfaceOrientationPortrait UIInterfaceOrientationPortraitUpsideDown UIInterfaceOrientationLandscapeLeft UIInterfaceOrientationLandscapeRight";
				INFOPLIST_KEY_UISupportedInterfaceOrientations_iPhone = "UIInterfaceOrientationPortrait UIInterfaceOrientationLandscapeLeft UIInterfaceOrientationLandscapeRight";
				LD_RUNPATH_SEARCH_PATHS = (
					"$(inherited)",
					"@executable_path/Frameworks",
				);
				MARKETING_VERSION = 1.0;
				PRODUCT_BUNDLE_IDENTIFIER = "Pratik-Patil.ArtEcho";
				PRODUCT_NAME = "$(TARGET_NAME)";
				SWIFT_EMIT_LOC_STRINGS = YES;
				SWIFT_VERSION = 5.0;
				TARGETED_DEVICE_FAMILY = "1,2";
			};
			name = Release;
		};
/* End XCBuildConfiguration section */

/* Begin XCConfigurationList section */
		93AFA1F12BC0711E00B9C7EF /* Build configuration list for PBXProject "ArtEcho" */ = {
			isa = XCConfigurationList;
			buildConfigurations = (
				93AFA2082BC0712000B9C7EF /* Debug */,
				93AFA2092BC0712000B9C7EF /* Release */,
			);
			defaultConfigurationIsVisible = 0;
			defaultConfigurationName = Release;
		};
		93AFA20A2BC0712000B9C7EF /* Build configuration list for PBXNativeTarget "ArtEcho" */ = {
			isa = XCConfigurationList;
			buildConfigurations = (
				93AFA20B2BC0712000B9C7EF /* Debug */,
				93AFA20C2BC0712000B9C7EF /* Release */,
			);
			defaultConfigurationIsVisible = 0;
			defaultConfigurationName = Release;
		};
/* End XCConfigurationList section */

/* Begin XCRemoteSwiftPackageReference section */
		934B74702BCA019C00466853 /* XCRemoteSwiftPackageReference "generative-ai-swift" */ = {
			isa = XCRemoteSwiftPackageReference;
			repositoryURL = "https://github.com/google/generative-ai-swift";
			requirement = {
				kind = upToNextMajorVersion;
				minimumVersion = 0.4.11;
			};
		};
		934B74732BCA01EE00466853 /* XCRemoteSwiftPackageReference "firebase-ios-sdk" */ = {
			isa = XCRemoteSwiftPackageReference;
			repositoryURL = "https://github.com/firebase/firebase-ios-sdk";
			requirement = {
				kind = upToNextMajorVersion;
				minimumVersion = 10.24.0;
			};
		};
		9396D6ED2BD051CB00292979 /* XCRemoteSwiftPackageReference "SDWebImage" */ = {
			isa = XCRemoteSwiftPackageReference;
			repositoryURL = "https://github.com/SDWebImage/SDWebImage.git";
			requirement = {
				kind = upToNextMajorVersion;
				minimumVersion = 5.19.1;
			};
		};
/* End XCRemoteSwiftPackageReference section */

/* Begin XCSwiftPackageProductDependency section */
		934B74712BCA019C00466853 /* GoogleGenerativeAI */ = {
			isa = XCSwiftPackageProductDependency;
			package = 934B74702BCA019C00466853 /* XCRemoteSwiftPackageReference "generative-ai-swift" */;
			productName = GoogleGenerativeAI;
		};
		934B74742BCA01EE00466853 /* FirebaseAuth */ = {
			isa = XCSwiftPackageProductDependency;
			package = 934B74732BCA01EE00466853 /* XCRemoteSwiftPackageReference "firebase-ios-sdk" */;
			productName = FirebaseAuth;
		};
		934B74762BCA01EE00466853 /* FirebaseFirestore */ = {
			isa = XCSwiftPackageProductDependency;
			package = 934B74732BCA01EE00466853 /* XCRemoteSwiftPackageReference "firebase-ios-sdk" */;
			productName = FirebaseFirestore;
		};
		934B74782BCA01EE00466853 /* FirebaseFirestoreSwift */ = {
			isa = XCSwiftPackageProductDependency;
			package = 934B74732BCA01EE00466853 /* XCRemoteSwiftPackageReference "firebase-ios-sdk" */;
			productName = FirebaseFirestoreSwift;
		};
		934B747A2BCA01EE00466853 /* FirebaseStorage */ = {
			isa = XCSwiftPackageProductDependency;
			package = 934B74732BCA01EE00466853 /* XCRemoteSwiftPackageReference "firebase-ios-sdk" */;
			productName = FirebaseStorage;
		};
		9396D6EE2BD051CB00292979 /* SDWebImage */ = {
			isa = XCSwiftPackageProductDependency;
			package = 9396D6ED2BD051CB00292979 /* XCRemoteSwiftPackageReference "SDWebImage" */;
			productName = SDWebImage;
		};
		9396D6F02BD051CB00292979 /* SDWebImageMapKit */ = {
			isa = XCSwiftPackageProductDependency;
			package = 9396D6ED2BD051CB00292979 /* XCRemoteSwiftPackageReference "SDWebImage" */;
			productName = SDWebImageMapKit;
		};
/* End XCSwiftPackageProductDependency section */
	};
	rootObject = 93AFA1EE2BC0711E00B9C7EF /* Project object */;
}
