// !$*UTF8*$!
{
	archiveVersion = 1;
	classes = {
	};
	objectVersion = 56;
	objects = {

/* Begin PBXBuildFile section */
		93AFA1FA2BC0711E00B9C7EF /* AppDelegate.swift in Sources */ = {isa = PBXBuildFile; fileRef = 93AFA1F92BC0711E00B9C7EF /* AppDelegate.swift */; };
		93AFA1FC2BC0711E00B9C7EF /* SceneDelegate.swift in Sources */ = {isa = PBXBuildFile; fileRef = 93AFA1FB2BC0711E00B9C7EF /* SceneDelegate.swift */; };
		93AFA1FE2BC0711E00B9C7EF /* ViewController.swift in Sources */ = {isa = PBXBuildFile; fileRef = 93AFA1FD2BC0711E00B9C7EF /* ViewController.swift */; };
		93AFA2012BC0711E00B9C7EF /* Base in Resources */ = {isa = PBXBuildFile; fileRef = 93AFA2002BC0711E00B9C7EF /* Base */; };
		93AFA2032BC0712000B9C7EF /* Assets.xcassets in Resources */ = {isa = PBXBuildFile; fileRef = 93AFA2022BC0712000B9C7EF /* Assets.xcassets */; };
		93AFA2062BC0712000B9C7EF /* Base in Resources */ = {isa = PBXBuildFile; fileRef = 93AFA2052BC0712000B9C7EF /* Base */; };
		93AFA2192BC0792E00B9C7EF /* BufferSpinnerView.swift in Sources */ = {isa = PBXBuildFile; fileRef = 93AFA2182BC0792E00B9C7EF /* BufferSpinnerView.swift */; };
		93AFA21B2BC0796500B9C7EF /* BufferSprinnerProtocol.swift in Sources */ = {isa = PBXBuildFile; fileRef = 93AFA21A2BC0796500B9C7EF /* BufferSprinnerProtocol.swift */; };
		93AFA21D2BC07F4000B9C7EF /* MainScreenView.swift in Sources */ = {isa = PBXBuildFile; fileRef = 93AFA21C2BC07F4000B9C7EF /* MainScreenView.swift */; };
		93AFA21F2BC07F6F00B9C7EF /* FavouritesTableViewCell.swift in Sources */ = {isa = PBXBuildFile; fileRef = 93AFA21E2BC07F6F00B9C7EF /* FavouritesTableViewCell.swift */; };
		93AFA2212BC07FC200B9C7EF /* RegisterView.swift in Sources */ = {isa = PBXBuildFile; fileRef = 93AFA2202BC07FC200B9C7EF /* RegisterView.swift */; };
		93AFA2232BC09CB100B9C7EF /* NewPromptView.swift in Sources */ = {isa = PBXBuildFile; fileRef = 93AFA2222BC09CB100B9C7EF /* NewPromptView.swift */; };
		93AFA2252BC0A1BF00B9C7EF /* ShowPromptView.swift in Sources */ = {isa = PBXBuildFile; fileRef = 93AFA2242BC0A1BF00B9C7EF /* ShowPromptView.swift */; };
/* End PBXBuildFile section */

/* Begin PBXFileReference section */
		93AFA1F62BC0711E00B9C7EF /* ArtEcho.app */ = {isa = PBXFileReference; explicitFileType = wrapper.application; includeInIndex = 0; path = ArtEcho.app; sourceTree = BUILT_PRODUCTS_DIR; };
		93AFA1F92BC0711E00B9C7EF /* AppDelegate.swift */ = {isa = PBXFileReference; lastKnownFileType = sourcecode.swift; path = AppDelegate.swift; sourceTree = "<group>"; };
		93AFA1FB2BC0711E00B9C7EF /* SceneDelegate.swift */ = {isa = PBXFileReference; lastKnownFileType = sourcecode.swift; path = SceneDelegate.swift; sourceTree = "<group>"; };
		93AFA1FD2BC0711E00B9C7EF /* ViewController.swift */ = {isa = PBXFileReference; lastKnownFileType = sourcecode.swift; path = ViewController.swift; sourceTree = "<group>"; };
		93AFA2002BC0711E00B9C7EF /* Base */ = {isa = PBXFileReference; lastKnownFileType = file.storyboard; name = Base; path = Base.lproj/Main.storyboard; sourceTree = "<group>"; };
		93AFA2022BC0712000B9C7EF /* Assets.xcassets */ = {isa = PBXFileReference; lastKnownFileType = folder.assetcatalog; path = Assets.xcassets; sourceTree = "<group>"; };
		93AFA2052BC0712000B9C7EF /* Base */ = {isa = PBXFileReference; lastKnownFileType = file.storyboard; name = Base; path = Base.lproj/LaunchScreen.storyboard; sourceTree = "<group>"; };
		93AFA2072BC0712000B9C7EF /* Info.plist */ = {isa = PBXFileReference; lastKnownFileType = text.plist.xml; path = Info.plist; sourceTree = "<group>"; };
		93AFA2182BC0792E00B9C7EF /* BufferSpinnerView.swift */ = {isa = PBXFileReference; lastKnownFileType = sourcecode.swift; path = BufferSpinnerView.swift; sourceTree = "<group>"; };
		93AFA21A2BC0796500B9C7EF /* BufferSprinnerProtocol.swift */ = {isa = PBXFileReference; lastKnownFileType = sourcecode.swift; path = BufferSprinnerProtocol.swift; sourceTree = "<group>"; };
		93AFA21C2BC07F4000B9C7EF /* MainScreenView.swift */ = {isa = PBXFileReference; lastKnownFileType = sourcecode.swift; path = MainScreenView.swift; sourceTree = "<group>"; };
		93AFA21E2BC07F6F00B9C7EF /* FavouritesTableViewCell.swift */ = {isa = PBXFileReference; lastKnownFileType = sourcecode.swift; path = FavouritesTableViewCell.swift; sourceTree = "<group>"; };
		93AFA2202BC07FC200B9C7EF /* RegisterView.swift */ = {isa = PBXFileReference; lastKnownFileType = sourcecode.swift; path = RegisterView.swift; sourceTree = "<group>"; };
		93AFA2222BC09CB100B9C7EF /* NewPromptView.swift */ = {isa = PBXFileReference; lastKnownFileType = sourcecode.swift; path = NewPromptView.swift; sourceTree = "<group>"; };
		93AFA2242BC0A1BF00B9C7EF /* ShowPromptView.swift */ = {isa = PBXFileReference; lastKnownFileType = sourcecode.swift; path = ShowPromptView.swift; sourceTree = "<group>"; };
/* End PBXFileReference section */

/* Begin PBXFrameworksBuildPhase section */
		93AFA1F32BC0711E00B9C7EF /* Frameworks */ = {
			isa = PBXFrameworksBuildPhase;
			buildActionMask = 2147483647;
			files = (
			);
			runOnlyForDeploymentPostprocessing = 0;
		};
/* End PBXFrameworksBuildPhase section */

/* Begin PBXGroup section */
		93AFA1ED2BC0711E00B9C7EF = {
			isa = PBXGroup;
			children = (
				93AFA1F82BC0711E00B9C7EF /* ArtEcho */,
				93AFA1F72BC0711E00B9C7EF /* Products */,
			);
			sourceTree = "<group>";
		};
		93AFA1F72BC0711E00B9C7EF /* Products */ = {
			isa = PBXGroup;
			children = (
				93AFA1F62BC0711E00B9C7EF /* ArtEcho.app */,
			);
			name = Products;
			sourceTree = "<group>";
		};
		93AFA1F82BC0711E00B9C7EF /* ArtEcho */ = {
			isa = PBXGroup;
			children = (
				93AFA2112BC0781700B9C7EF /* Register Screen View */,
				93AFA2102BC077F800B9C7EF /* Buffer Animation */,
				93AFA20F2BC077C600B9C7EF /* Show Prompt Screen */,
				93AFA20E2BC0779500B9C7EF /* New Prompt Screen */,
				93AFA20D2BC0777C00B9C7EF /* Main Screen View */,
				93AFA1F92BC0711E00B9C7EF /* AppDelegate.swift */,
				93AFA1FB2BC0711E00B9C7EF /* SceneDelegate.swift */,
				93AFA1FD2BC0711E00B9C7EF /* ViewController.swift */,
				93AFA1FF2BC0711E00B9C7EF /* Main.storyboard */,
				93AFA2022BC0712000B9C7EF /* Assets.xcassets */,
				93AFA2042BC0712000B9C7EF /* LaunchScreen.storyboard */,
				93AFA2072BC0712000B9C7EF /* Info.plist */,
			);
			path = ArtEcho;
			sourceTree = "<group>";
		};
		93AFA20D2BC0777C00B9C7EF /* Main Screen View */ = {
			isa = PBXGroup;
			children = (
				93AFA2122BC0782800B9C7EF /* View */,
			);
			path = "Main Screen View";
			sourceTree = "<group>";
		};
		93AFA20E2BC0779500B9C7EF /* New Prompt Screen */ = {
			isa = PBXGroup;
			children = (
				93AFA2132BC0783200B9C7EF /* View */,
			);
			path = "New Prompt Screen";
			sourceTree = "<group>";
		};
		93AFA20F2BC077C600B9C7EF /* Show Prompt Screen */ = {
			isa = PBXGroup;
			children = (
				93AFA2142BC0783900B9C7EF /* View */,
			);
			path = "Show Prompt Screen";
			sourceTree = "<group>";
		};
		93AFA2102BC077F800B9C7EF /* Buffer Animation */ = {
			isa = PBXGroup;
			children = (
				93AFA2152BC0783F00B9C7EF /* View */,
				93AFA21A2BC0796500B9C7EF /* BufferSprinnerProtocol.swift */,
			);
			path = "Buffer Animation";
			sourceTree = "<group>";
		};
		93AFA2112BC0781700B9C7EF /* Register Screen View */ = {
			isa = PBXGroup;
			children = (
				93AFA2172BC0785400B9C7EF /* View */,
			);
			path = "Register Screen View";
			sourceTree = "<group>";
		};
		93AFA2122BC0782800B9C7EF /* View */ = {
			isa = PBXGroup;
			children = (
				93AFA21C2BC07F4000B9C7EF /* MainScreenView.swift */,
				93AFA21E2BC07F6F00B9C7EF /* FavouritesTableViewCell.swift */,
			);
			path = View;
			sourceTree = "<group>";
		};
		93AFA2132BC0783200B9C7EF /* View */ = {
			isa = PBXGroup;
			children = (
				93AFA2222BC09CB100B9C7EF /* NewPromptView.swift */,
			);
			path = View;
			sourceTree = "<group>";
		};
		93AFA2142BC0783900B9C7EF /* View */ = {
			isa = PBXGroup;
			children = (
				93AFA2242BC0A1BF00B9C7EF /* ShowPromptView.swift */,
			);
			path = View;
			sourceTree = "<group>";
		};
		93AFA2152BC0783F00B9C7EF /* View */ = {
			isa = PBXGroup;
			children = (
				93AFA2182BC0792E00B9C7EF /* BufferSpinnerView.swift */,
			);
			path = View;
			sourceTree = "<group>";
		};
		93AFA2172BC0785400B9C7EF /* View */ = {
			isa = PBXGroup;
			children = (
				93AFA2202BC07FC200B9C7EF /* RegisterView.swift */,
			);
			path = View;
			sourceTree = "<group>";
		};
/* End PBXGroup section */

/* Begin PBXNativeTarget section */
		93AFA1F52BC0711E00B9C7EF /* ArtEcho */ = {
			isa = PBXNativeTarget;
			buildConfigurationList = 93AFA20A2BC0712000B9C7EF /* Build configuration list for PBXNativeTarget "ArtEcho" */;
			buildPhases = (
				93AFA1F22BC0711E00B9C7EF /* Sources */,
				93AFA1F32BC0711E00B9C7EF /* Frameworks */,
				93AFA1F42BC0711E00B9C7EF /* Resources */,
			);
			buildRules = (
			);
			dependencies = (
			);
			name = ArtEcho;
			productName = ArtEcho;
			productReference = 93AFA1F62BC0711E00B9C7EF /* ArtEcho.app */;
			productType = "com.apple.product-type.application";
		};
/* End PBXNativeTarget section */

/* Begin PBXProject section */
		93AFA1EE2BC0711E00B9C7EF /* Project object */ = {
			isa = PBXProject;
			attributes = {
				BuildIndependentTargetsInParallel = 1;
				LastSwiftUpdateCheck = 1530;
				LastUpgradeCheck = 1530;
				TargetAttributes = {
					93AFA1F52BC0711E00B9C7EF = {
						CreatedOnToolsVersion = 15.3;
					};
				};
			};
			buildConfigurationList = 93AFA1F12BC0711E00B9C7EF /* Build configuration list for PBXProject "ArtEcho" */;
			compatibilityVersion = "Xcode 14.0";
			developmentRegion = en;
			hasScannedForEncodings = 0;
			knownRegions = (
				en,
				Base,
			);
			mainGroup = 93AFA1ED2BC0711E00B9C7EF;
			productRefGroup = 93AFA1F72BC0711E00B9C7EF /* Products */;
			projectDirPath = "";
			projectRoot = "";
			targets = (
				93AFA1F52BC0711E00B9C7EF /* ArtEcho */,
			);
		};
/* End PBXProject section */

/* Begin PBXResourcesBuildPhase section */
		93AFA1F42BC0711E00B9C7EF /* Resources */ = {
			isa = PBXResourcesBuildPhase;
			buildActionMask = 2147483647;
			files = (
				93AFA2032BC0712000B9C7EF /* Assets.xcassets in Resources */,
				93AFA2062BC0712000B9C7EF /* Base in Resources */,
				93AFA2012BC0711E00B9C7EF /* Base in Resources */,
			);
			runOnlyForDeploymentPostprocessing = 0;
		};
/* End PBXResourcesBuildPhase section */

/* Begin PBXSourcesBuildPhase section */
		93AFA1F22BC0711E00B9C7EF /* Sources */ = {
			isa = PBXSourcesBuildPhase;
			buildActionMask = 2147483647;
			files = (
				93AFA21F2BC07F6F00B9C7EF /* FavouritesTableViewCell.swift in Sources */,
				93AFA1FE2BC0711E00B9C7EF /* ViewController.swift in Sources */,
				93AFA21D2BC07F4000B9C7EF /* MainScreenView.swift in Sources */,
				93AFA1FA2BC0711E00B9C7EF /* AppDelegate.swift in Sources */,
				93AFA2192BC0792E00B9C7EF /* BufferSpinnerView.swift in Sources */,
				93AFA2212BC07FC200B9C7EF /* RegisterView.swift in Sources */,
				93AFA2232BC09CB100B9C7EF /* NewPromptView.swift in Sources */,
				93AFA2252BC0A1BF00B9C7EF /* ShowPromptView.swift in Sources */,
				93AFA1FC2BC0711E00B9C7EF /* SceneDelegate.swift in Sources */,
				93AFA21B2BC0796500B9C7EF /* BufferSprinnerProtocol.swift in Sources */,
			);
			runOnlyForDeploymentPostprocessing = 0;
		};
/* End PBXSourcesBuildPhase section */

/* Begin PBXVariantGroup section */
		93AFA1FF2BC0711E00B9C7EF /* Main.storyboard */ = {
			isa = PBXVariantGroup;
			children = (
				93AFA2002BC0711E00B9C7EF /* Base */,
			);
			name = Main.storyboard;
			sourceTree = "<group>";
		};
		93AFA2042BC0712000B9C7EF /* LaunchScreen.storyboard */ = {
			isa = PBXVariantGroup;
			children = (
				93AFA2052BC0712000B9C7EF /* Base */,
			);
			name = LaunchScreen.storyboard;
			sourceTree = "<group>";
		};
/* End PBXVariantGroup section */

/* Begin XCBuildConfiguration section */
		93AFA2082BC0712000B9C7EF /* Debug */ = {
			isa = XCBuildConfiguration;
			buildSettings = {
				ALWAYS_SEARCH_USER_PATHS = NO;
				ASSETCATALOG_COMPILER_GENERATE_SWIFT_ASSET_SYMBOL_EXTENSIONS = YES;
				CLANG_ANALYZER_NONNULL = YES;
				CLANG_ANALYZER_NUMBER_OBJECT_CONVERSION = YES_AGGRESSIVE;
				CLANG_CXX_LANGUAGE_STANDARD = "gnu++20";
				CLANG_ENABLE_MODULES = YES;
				CLANG_ENABLE_OBJC_ARC = YES;
				CLANG_ENABLE_OBJC_WEAK = YES;
				CLANG_WARN_BLOCK_CAPTURE_AUTORELEASING = YES;
				CLANG_WARN_BOOL_CONVERSION = YES;
				CLANG_WARN_COMMA = YES;
				CLANG_WARN_CONSTANT_CONVERSION = YES;
				CLANG_WARN_DEPRECATED_OBJC_IMPLEMENTATIONS = YES;
				CLANG_WARN_DIRECT_OBJC_ISA_USAGE = YES_ERROR;
				CLANG_WARN_DOCUMENTATION_COMMENTS = YES;
				CLANG_WARN_EMPTY_BODY = YES;
				CLANG_WARN_ENUM_CONVERSION = YES;
				CLANG_WARN_INFINITE_RECURSION = YES;
				CLANG_WARN_INT_CONVERSION = YES;
				CLANG_WARN_NON_LITERAL_NULL_CONVERSION = YES;
				CLANG_WARN_OBJC_IMPLICIT_RETAIN_SELF = YES;
				CLANG_WARN_OBJC_LITERAL_CONVERSION = YES;
				CLANG_WARN_OBJC_ROOT_CLASS = YES_ERROR;
				CLANG_WARN_QUOTED_INCLUDE_IN_FRAMEWORK_HEADER = YES;
				CLANG_WARN_RANGE_LOOP_ANALYSIS = YES;
				CLANG_WARN_STRICT_PROTOTYPES = YES;
				CLANG_WARN_SUSPICIOUS_MOVE = YES;
				CLANG_WARN_UNGUARDED_AVAILABILITY = YES_AGGRESSIVE;
				CLANG_WARN_UNREACHABLE_CODE = YES;
				CLANG_WARN__DUPLICATE_METHOD_MATCH = YES;
				COPY_PHASE_STRIP = NO;
				DEBUG_INFORMATION_FORMAT = dwarf;
				ENABLE_STRICT_OBJC_MSGSEND = YES;
				ENABLE_TESTABILITY = YES;
				ENABLE_USER_SCRIPT_SANDBOXING = YES;
				GCC_C_LANGUAGE_STANDARD = gnu17;
				GCC_DYNAMIC_NO_PIC = NO;
				GCC_NO_COMMON_BLOCKS = YES;
				GCC_OPTIMIZATION_LEVEL = 0;
				GCC_PREPROCESSOR_DEFINITIONS = (
					"DEBUG=1",
					"$(inherited)",
				);
				GCC_WARN_64_TO_32_BIT_CONVERSION = YES;
				GCC_WARN_ABOUT_RETURN_TYPE = YES_ERROR;
				GCC_WARN_UNDECLARED_SELECTOR = YES;
				GCC_WARN_UNINITIALIZED_AUTOS = YES_AGGRESSIVE;
				GCC_WARN_UNUSED_FUNCTION = YES;
				GCC_WARN_UNUSED_VARIABLE = YES;
				IPHONEOS_DEPLOYMENT_TARGET = 17.4;
				LOCALIZATION_PREFERS_STRING_CATALOGS = YES;
				MTL_ENABLE_DEBUG_INFO = INCLUDE_SOURCE;
				MTL_FAST_MATH = YES;
				ONLY_ACTIVE_ARCH = YES;
				SDKROOT = iphoneos;
				SWIFT_ACTIVE_COMPILATION_CONDITIONS = "DEBUG $(inherited)";
				SWIFT_OPTIMIZATION_LEVEL = "-Onone";
			};
			name = Debug;
		};
		93AFA2092BC0712000B9C7EF /* Release */ = {
			isa = XCBuildConfiguration;
			buildSettings = {
				ALWAYS_SEARCH_USER_PATHS = NO;
				ASSETCATALOG_COMPILER_GENERATE_SWIFT_ASSET_SYMBOL_EXTENSIONS = YES;
				CLANG_ANALYZER_NONNULL = YES;
				CLANG_ANALYZER_NUMBER_OBJECT_CONVERSION = YES_AGGRESSIVE;
				CLANG_CXX_LANGUAGE_STANDARD = "gnu++20";
				CLANG_ENABLE_MODULES = YES;
				CLANG_ENABLE_OBJC_ARC = YES;
				CLANG_ENABLE_OBJC_WEAK = YES;
				CLANG_WARN_BLOCK_CAPTURE_AUTORELEASING = YES;
				CLANG_WARN_BOOL_CONVERSION = YES;
				CLANG_WARN_COMMA = YES;
				CLANG_WARN_CONSTANT_CONVERSION = YES;
				CLANG_WARN_DEPRECATED_OBJC_IMPLEMENTATIONS = YES;
				CLANG_WARN_DIRECT_OBJC_ISA_USAGE = YES_ERROR;
				CLANG_WARN_DOCUMENTATION_COMMENTS = YES;
				CLANG_WARN_EMPTY_BODY = YES;
				CLANG_WARN_ENUM_CONVERSION = YES;
				CLANG_WARN_INFINITE_RECURSION = YES;
				CLANG_WARN_INT_CONVERSION = YES;
				CLANG_WARN_NON_LITERAL_NULL_CONVERSION = YES;
				CLANG_WARN_OBJC_IMPLICIT_RETAIN_SELF = YES;
				CLANG_WARN_OBJC_LITERAL_CONVERSION = YES;
				CLANG_WARN_OBJC_ROOT_CLASS = YES_ERROR;
				CLANG_WARN_QUOTED_INCLUDE_IN_FRAMEWORK_HEADER = YES;
				CLANG_WARN_RANGE_LOOP_ANALYSIS = YES;
				CLANG_WARN_STRICT_PROTOTYPES = YES;
				CLANG_WARN_SUSPICIOUS_MOVE = YES;
				CLANG_WARN_UNGUARDED_AVAILABILITY = YES_AGGRESSIVE;
				CLANG_WARN_UNREACHABLE_CODE = YES;
				CLANG_WARN__DUPLICATE_METHOD_MATCH = YES;
				COPY_PHASE_STRIP = NO;
				DEBUG_INFORMATION_FORMAT = "dwarf-with-dsym";
				ENABLE_NS_ASSERTIONS = NO;
				ENABLE_STRICT_OBJC_MSGSEND = YES;
				ENABLE_USER_SCRIPT_SANDBOXING = YES;
				GCC_C_LANGUAGE_STANDARD = gnu17;
				GCC_NO_COMMON_BLOCKS = YES;
				GCC_WARN_64_TO_32_BIT_CONVERSION = YES;
				GCC_WARN_ABOUT_RETURN_TYPE = YES_ERROR;
				GCC_WARN_UNDECLARED_SELECTOR = YES;
				GCC_WARN_UNINITIALIZED_AUTOS = YES_AGGRESSIVE;
				GCC_WARN_UNUSED_FUNCTION = YES;
				GCC_WARN_UNUSED_VARIABLE = YES;
				IPHONEOS_DEPLOYMENT_TARGET = 17.4;
				LOCALIZATION_PREFERS_STRING_CATALOGS = YES;
				MTL_ENABLE_DEBUG_INFO = NO;
				MTL_FAST_MATH = YES;
				SDKROOT = iphoneos;
				SWIFT_COMPILATION_MODE = wholemodule;
				VALIDATE_PRODUCT = YES;
			};
			name = Release;
		};
		93AFA20B2BC0712000B9C7EF /* Debug */ = {
			isa = XCBuildConfiguration;
			buildSettings = {
				ASSETCATALOG_COMPILER_APPICON_NAME = AppIcon;
				ASSETCATALOG_COMPILER_GLOBAL_ACCENT_COLOR_NAME = AccentColor;
				CODE_SIGN_STYLE = Automatic;
				CURRENT_PROJECT_VERSION = 1;
				DEVELOPMENT_TEAM = 25QN4T657Y;
				GENERATE_INFOPLIST_FILE = YES;
				INFOPLIST_FILE = ArtEcho/Info.plist;
				INFOPLIST_KEY_UIApplicationSupportsIndirectInputEvents = YES;
				INFOPLIST_KEY_UILaunchStoryboardName = LaunchScreen;
				INFOPLIST_KEY_UIMainStoryboardFile = Main;
				INFOPLIST_KEY_UISupportedInterfaceOrientations_iPad = "UIInterfaceOrientationPortrait UIInterfaceOrientationPortraitUpsideDown UIInterfaceOrientationLandscapeLeft UIInterfaceOrientationLandscapeRight";
				INFOPLIST_KEY_UISupportedInterfaceOrientations_iPhone = "UIInterfaceOrientationPortrait UIInterfaceOrientationLandscapeLeft UIInterfaceOrientationLandscapeRight";
				LD_RUNPATH_SEARCH_PATHS = (
					"$(inherited)",
					"@executable_path/Frameworks",
				);
				MARKETING_VERSION = 1.0;
				PRODUCT_BUNDLE_IDENTIFIER = "Pratik-Patil.ArtEcho";
				PRODUCT_NAME = "$(TARGET_NAME)";
				SWIFT_EMIT_LOC_STRINGS = YES;
				SWIFT_VERSION = 5.0;
				TARGETED_DEVICE_FAMILY = "1,2";
			};
			name = Debug;
		};
		93AFA20C2BC0712000B9C7EF /* Release */ = {
			isa = XCBuildConfiguration;
			buildSettings = {
				ASSETCATALOG_COMPILER_APPICON_NAME = AppIcon;
				ASSETCATALOG_COMPILER_GLOBAL_ACCENT_COLOR_NAME = AccentColor;
				CODE_SIGN_STYLE = Automatic;
				CURRENT_PROJECT_VERSION = 1;
				DEVELOPMENT_TEAM = 25QN4T657Y;
				GENERATE_INFOPLIST_FILE = YES;
				INFOPLIST_FILE = ArtEcho/Info.plist;
				INFOPLIST_KEY_UIApplicationSupportsIndirectInputEvents = YES;
				INFOPLIST_KEY_UILaunchStoryboardName = LaunchScreen;
				INFOPLIST_KEY_UIMainStoryboardFile = Main;
				INFOPLIST_KEY_UISupportedInterfaceOrientations_iPad = "UIInterfaceOrientationPortrait UIInterfaceOrientationPortraitUpsideDown UIInterfaceOrientationLandscapeLeft UIInterfaceOrientationLandscapeRight";
				INFOPLIST_KEY_UISupportedInterfaceOrientations_iPhone = "UIInterfaceOrientationPortrait UIInterfaceOrientationLandscapeLeft UIInterfaceOrientationLandscapeRight";
				LD_RUNPATH_SEARCH_PATHS = (
					"$(inherited)",
					"@executable_path/Frameworks",
				);
				MARKETING_VERSION = 1.0;
				PRODUCT_BUNDLE_IDENTIFIER = "Pratik-Patil.ArtEcho";
				PRODUCT_NAME = "$(TARGET_NAME)";
				SWIFT_EMIT_LOC_STRINGS = YES;
				SWIFT_VERSION = 5.0;
				TARGETED_DEVICE_FAMILY = "1,2";
			};
			name = Release;
		};
/* End XCBuildConfiguration section */

/* Begin XCConfigurationList section */
		93AFA1F12BC0711E00B9C7EF /* Build configuration list for PBXProject "ArtEcho" */ = {
			isa = XCConfigurationList;
			buildConfigurations = (
				93AFA2082BC0712000B9C7EF /* Debug */,
				93AFA2092BC0712000B9C7EF /* Release */,
			);
			defaultConfigurationIsVisible = 0;
			defaultConfigurationName = Release;
		};
		93AFA20A2BC0712000B9C7EF /* Build configuration list for PBXNativeTarget "ArtEcho" */ = {
			isa = XCConfigurationList;
			buildConfigurations = (
				93AFA20B2BC0712000B9C7EF /* Debug */,
				93AFA20C2BC0712000B9C7EF /* Release */,
			);
			defaultConfigurationIsVisible = 0;
			defaultConfigurationName = Release;
		};
/* End XCConfigurationList section */
	};
	rootObject = 93AFA1EE2BC0711E00B9C7EF /* Project object */;
}
